
Microsoft Visual Studio Solution File, Format Version 12.00
# Visual Studio Version 16
VisualStudioVersion = 16.0.32228.343
MinimumVisualStudioVersion = 10.0.40219.1
Project("{FAE04EC0-301F-11D3-BF4B-00C04F79EFBC}") = "BitProtector_DAM.Android", "BitProtector_DAM.Android\BitProtector_DAM.Android.csproj", "{B03A5DA2-0BEF-4F49-8B8C-FACBA164BF59}"
EndProject
Project("{FAE04EC0-301F-11D3-BF4B-00C04F79EFBC}") = "BitProtector_DAM", "BitProtector_DAM\BitProtector_DAM.csproj", "{C42AA0FD-3461-4BAE-8DD7-65AF16241322}"
EndProject
Global
	GlobalSection(SolutionConfigurationPlatforms) = preSolution
		Debug|Any CPU = Debug|Any CPU
		Release|Any CPU = Release|Any CPU
	EndGlobalSection
	GlobalSection(ProjectConfigurationPlatforms) = postSolution
		{B03A5DA2-0BEF-4F49-8B8C-FACBA164BF59}.Debug|Any CPU.ActiveCfg = Debug|Any CPU
		{B03A5DA2-0BEF-4F49-8B8C-FACBA164BF59}.Debug|Any CPU.Build.0 = Debug|Any CPU
		{B03A5DA2-0BEF-4F49-8B8C-FACBA164BF59}.Debug|Any CPU.Deploy.0 = Debug|Any CPU
		{B03A5DA2-0BEF-4F49-8B8C-FACBA164BF59}.Release|Any CPU.ActiveCfg = Release|Any CPU
		{B03A5DA2-0BEF-4F49-8B8C-FACBA164BF59}.Release|Any CPU.Build.0 = Release|Any CPU
		{B03A5DA2-0BEF-4F49-8B8C-FACBA164BF59}.Release|Any CPU.Deploy.0 = Release|Any CPU
		{C42AA0FD-3461-4BAE-8DD7-65AF16241322}.Debug|Any CPU.ActiveCfg = Debug|Any CPU
		{C42AA0FD-3461-4BAE-8DD7-65AF16241322}.Debug|Any CPU.Build.0 = Debug|Any CPU
		{C42AA0FD-3461-4BAE-8DD7-65AF16241322}.Debug|Any CPU.Deploy.0 = Debug|Any CPU
		{C42AA0FD-3461-4BAE-8DD7-65AF16241322}.Release|Any CPU.ActiveCfg = Release|Any CPU
		{C42AA0FD-3461-4BAE-8DD7-65AF16241322}.Release|Any CPU.Build.0 = Release|Any CPU
		{C42AA0FD-3461-4BAE-8DD7-65AF16241322}.Release|Any CPU.Deploy.0 = Release|Any CPU
	EndGlobalSection
	GlobalSection(SolutionProperties) = preSolution
		HideSolutionNode = FALSE
	EndGlobalSection
	GlobalSection(ExtensibilityGlobals) = postSolution
		SolutionGuid = {B0AECB67-439C-4529-BC49-CB821F130916}
	EndGlobalSection
EndGlobal
